
Microsoft Visual Studio Solution File, Format Version 12.00
# Visual Studio Version 16
VisualStudioVersion = 16.0.29613.14
MinimumVisualStudioVersion = 10.0.40219.1
Project("{FAE04EC0-301F-11D3-BF4B-00C04F79EFBC}") = "DANotify", "DANotify.csproj", "{7BA3B0A9-0453-4AEE-AB99-B0ED2270E0C6}"
EndProject
Global
	GlobalSection(SolutionConfigurationPlatforms) = preSolution
		Debug|Any CPU = Debug|Any CPU
		Release|Any CPU = Release|Any CPU
	EndGlobalSection
	GlobalSection(ProjectConfigurationPlatforms) = postSolution
		{7BA3B0A9-0453-4AEE-AB99-B0ED2270E0C6}.Debug|Any CPU.ActiveCfg = Debug|Any CPU
		{7BA3B0A9-0453-4AEE-AB99-B0ED2270E0C6}.Debug|Any CPU.Build.0 = Debug|Any CPU
		{7BA3B0A9-0453-4AEE-AB99-B0ED2270E0C6}.Release|Any CPU.ActiveCfg = Release|Any CPU
		{7BA3B0A9-0453-4AEE-AB99-B0ED2270E0C6}.Release|Any CPU.Build.0 = Release|Any CPU
	EndGlobalSection
	GlobalSection(SolutionProperties) = preSolution
		HideSolutionNode = FALSE
	EndGlobalSection
	GlobalSection(ExtensibilityGlobals) = postSolution
		SolutionGuid = {E513EE7F-7F3F-48F7-A4EC-BB900C02FDD1}
	EndGlobalSection
EndGlobal
